
Microsoft Visual Studio Solution File, Format Version 12.00
# Visual Studio Version 17
VisualStudioVersion = 17.13.35825.156 d17.13
MinimumVisualStudioVersion = 10.0.40219.1
Project("{FAE04EC0-301F-11D3-BF4B-00C04F79EFBC}") = "TallerHerencia", "GEOMETRY\TallerHerencia.csproj", "{AE8B8FDB-1FD4-4745-8EDB-89AE695FC44A}"
EndProject
Global
	GlobalSection(SolutionConfigurationPlatforms) = preSolution
		Debug|Any CPU = Debug|Any CPU
		Release|Any CPU = Release|Any CPU
	EndGlobalSection
	GlobalSection(ProjectConfigurationPlatforms) = postSolution
		{AE8B8FDB-1FD4-4745-8EDB-89AE695FC44A}.Debug|Any CPU.ActiveCfg = Debug|Any CPU
		{AE8B8FDB-1FD4-4745-8EDB-89AE695FC44A}.Debug|Any CPU.Build.0 = Debug|Any CPU
		{AE8B8FDB-1FD4-4745-8EDB-89AE695FC44A}.Release|Any CPU.ActiveCfg = Release|Any CPU
		{AE8B8FDB-1FD4-4745-8EDB-89AE695FC44A}.Release|Any CPU.Build.0 = Release|Any CPU
	EndGlobalSection
	GlobalSection(SolutionProperties) = preSolution
		HideSolutionNode = FALSE
	EndGlobalSection
	GlobalSection(ExtensibilityGlobals) = postSolution
		SolutionGuid = {FDBC5CF0-339F-42D0-9E54-2A21D38465DE}
	EndGlobalSection
EndGlobal
